
Microsoft Visual Studio Solution File, Format Version 12.00
# Visual Studio Version 16
VisualStudioVersion = 16.0.30907.101
MinimumVisualStudioVersion = 10.0.40219.1
Project("{9A19103F-16F7-4668-BE54-9A1E7A4F7556}") = "DataAccess", "DataAccess\DataAccess.csproj", "{790ACD46-D24F-4650-AD5F-694A50BE35C8}"
EndProject
Project("{9A19103F-16F7-4668-BE54-9A1E7A4F7556}") = "Business", "Business\Business.csproj", "{79DF3A32-4F5E-4F87-95A3-566DE881F7A7}"
EndProject
Project("{9A19103F-16F7-4668-BE54-9A1E7A4F7556}") = "Entities", "Entities\Entities.csproj", "{42DDB639-DC6F-4109-A00F-3757091F1012}"
EndProject
Project("{9A19103F-16F7-4668-BE54-9A1E7A4F7556}") = "ConsoleUI", "ConsoleUI\ConsoleUI.csproj", "{AEA00F12-D0BB-47C8-A2C7-86085BEAC7E2}"
EndProject
Project("{9A19103F-16F7-4668-BE54-9A1E7A4F7556}") = "Core", "Core\Core.csproj", "{10950144-8B80-47ED-944C-C50A82976145}"
EndProject
Project("{FAE04EC0-301F-11D3-BF4B-00C04F79EFBC}") = "WebAPI", "WebAPI\WebAPI.csproj", "{21EFE3FF-FB21-49D0-86E8-0171D608BFFF}"
EndProject
Global
	GlobalSection(SolutionConfigurationPlatforms) = preSolution
		Debug|Any CPU = Debug|Any CPU
		Release|Any CPU = Release|Any CPU
	EndGlobalSection
	GlobalSection(ProjectConfigurationPlatforms) = postSolution
		{790ACD46-D24F-4650-AD5F-694A50BE35C8}.Debug|Any CPU.ActiveCfg = Debug|Any CPU
		{790ACD46-D24F-4650-AD5F-694A50BE35C8}.Debug|Any CPU.Build.0 = Debug|Any CPU
		{790ACD46-D24F-4650-AD5F-694A50BE35C8}.Release|Any CPU.ActiveCfg = Release|Any CPU
		{790ACD46-D24F-4650-AD5F-694A50BE35C8}.Release|Any CPU.Build.0 = Release|Any CPU
		{79DF3A32-4F5E-4F87-95A3-566DE881F7A7}.Debug|Any CPU.ActiveCfg = Debug|Any CPU
		{79DF3A32-4F5E-4F87-95A3-566DE881F7A7}.Debug|Any CPU.Build.0 = Debug|Any CPU
		{79DF3A32-4F5E-4F87-95A3-566DE881F7A7}.Release|Any CPU.ActiveCfg = Release|Any CPU
		{79DF3A32-4F5E-4F87-95A3-566DE881F7A7}.Release|Any CPU.Build.0 = Release|Any CPU
		{42DDB639-DC6F-4109-A00F-3757091F1012}.Debug|Any CPU.ActiveCfg = Debug|Any CPU
		{42DDB639-DC6F-4109-A00F-3757091F1012}.Debug|Any CPU.Build.0 = Debug|Any CPU
		{42DDB639-DC6F-4109-A00F-3757091F1012}.Release|Any CPU.ActiveCfg = Release|Any CPU
		{42DDB639-DC6F-4109-A00F-3757091F1012}.Release|Any CPU.Build.0 = Release|Any CPU
		{AEA00F12-D0BB-47C8-A2C7-86085BEAC7E2}.Debug|Any CPU.ActiveCfg = Debug|Any CPU
		{AEA00F12-D0BB-47C8-A2C7-86085BEAC7E2}.Debug|Any CPU.Build.0 = Debug|Any CPU
		{AEA00F12-D0BB-47C8-A2C7-86085BEAC7E2}.Release|Any CPU.ActiveCfg = Release|Any CPU
		{AEA00F12-D0BB-47C8-A2C7-86085BEAC7E2}.Release|Any CPU.Build.0 = Release|Any CPU
		{10950144-8B80-47ED-944C-C50A82976145}.Debug|Any CPU.ActiveCfg = Debug|Any CPU
		{10950144-8B80-47ED-944C-C50A82976145}.Debug|Any CPU.Build.0 = Debug|Any CPU
		{10950144-8B80-47ED-944C-C50A82976145}.Release|Any CPU.ActiveCfg = Release|Any CPU
		{10950144-8B80-47ED-944C-C50A82976145}.Release|Any CPU.Build.0 = Release|Any CPU
		{21EFE3FF-FB21-49D0-86E8-0171D608BFFF}.Debug|Any CPU.ActiveCfg = Debug|Any CPU
		{21EFE3FF-FB21-49D0-86E8-0171D608BFFF}.Debug|Any CPU.Build.0 = Debug|Any CPU
		{21EFE3FF-FB21-49D0-86E8-0171D608BFFF}.Release|Any CPU.ActiveCfg = Release|Any CPU
		{21EFE3FF-FB21-49D0-86E8-0171D608BFFF}.Release|Any CPU.Build.0 = Release|Any CPU
	EndGlobalSection
	GlobalSection(SolutionProperties) = preSolution
		HideSolutionNode = FALSE
	EndGlobalSection
	GlobalSection(ExtensibilityGlobals) = postSolution
		SolutionGuid = {544611FA-2F88-4514-B61B-52C1A003EE2C}
	EndGlobalSection
EndGlobal
